
Microsoft Visual Studio Solution File, Format Version 12.00
# Visual Studio Version 16
VisualStudioVersion = 16.0.31727.386
MinimumVisualStudioVersion = 10.0.40219.1
Project("{FAE04EC0-301F-11D3-BF4B-00C04F79EFBC}") = "AdventOfCode2021", "AdventOfCode2021\AdventOfCode2021.csproj", "{EE540E08-78A6-4C55-A3A1-DA12112315CB}"
EndProject
Global
	GlobalSection(SolutionConfigurationPlatforms) = preSolution
		Debug|Any CPU = Debug|Any CPU
		Release|Any CPU = Release|Any CPU
	EndGlobalSection
	GlobalSection(ProjectConfigurationPlatforms) = postSolution
		{EE540E08-78A6-4C55-A3A1-DA12112315CB}.Debug|Any CPU.ActiveCfg = Debug|Any CPU
		{EE540E08-78A6-4C55-A3A1-DA12112315CB}.Debug|Any CPU.Build.0 = Debug|Any CPU
		{EE540E08-78A6-4C55-A3A1-DA12112315CB}.Release|Any CPU.ActiveCfg = Release|Any CPU
		{EE540E08-78A6-4C55-A3A1-DA12112315CB}.Release|Any CPU.Build.0 = Release|Any CPU
	EndGlobalSection
	GlobalSection(SolutionProperties) = preSolution
		HideSolutionNode = FALSE
	EndGlobalSection
	GlobalSection(ExtensibilityGlobals) = postSolution
		SolutionGuid = {E32B5DC2-161E-4694-90E6-3993F9225AF6}
	EndGlobalSection
EndGlobal
